{
  "nodes": {
    "autonity": {
      "inputs": {
        "flake-utils": [
          "flake-utils"
        ],
        "nixpkgs": [
          "nixpkgs"
        ]
      },
      "locked": {
        "lastModified": 1777285075,
        "narHash": "sha256-rRu+8Vpw+lIMMkxN3UwUFjE3l3NZSo0M0OV8Ht9J+ww=",
        "owner": "klazomenai",
        "repo": "autonity",
        "rev": "45d503e76e3f214eab74faf3d94b17358144c715",
        "type": "github"
      },
      "original": {
        "owner": "klazomenai",
        "repo": "autonity",
        "type": "github"
      }
    },
    "blockscout": {
      "inputs": {
        "flake-utils": [
          "flake-utils"
        ],
        "nixpkgs": [
          "nixpkgs"
        ]
      },
      "locked": {
        "lastModified": 1777293213,
        "narHash": "sha256-cRHvlhJFAacbz1YjZWmKuIV32oCs7aFV7J4yw69Axa0=",
        "owner": "klazomenai",
        "repo": "blockscout",
        "rev": "e96896edc223819ae7842aa8fc9b9d867d1c803c",
        "type": "github"
      },
      "original": {
        "owner": "klazomenai",
        "repo": "blockscout",
        "type": "github"
      }
    },
    "blockscout-frontend": {
      "inputs": {
        "flake-utils": [
          "flake-utils"
        ],
        "nixpkgs": [
          "nixpkgs"
        ]
      },
      "locked": {
        "lastModified": 1776844306,
        "narHash": "sha256-KVQvoOwt6A37yqA9AtWf75+lxIZ+UBSQP7Za8EmGDz8=",
        "owner": "klazomenai",
        "repo": "blockscout-frontend",
        "rev": "aed8251025b29d8319e2e03e9a3cb32f3da9ee8f",
        "type": "github"
      },
      "original": {
        "owner": "klazomenai",
        "repo": "blockscout-frontend",
        "type": "github"
      }
    },
    "flake-utils": {
      "inputs": {
        "systems": "systems"
      },
      "locked": {
        "lastModified": 1731533236,
        "narHash": "sha256-l0KFg5HjrsfsO/JpG+r7fRrqm12kzFHyUHqHCVpMMbI=",
        "owner": "numtide",
        "repo": "flake-utils",
        "rev": "11707dc2f618dd54ca8739b309ec4fc024de578b",
        "type": "github"
      },
      "original": {
        "owner": "numtide",
        "repo": "flake-utils",
        "type": "github"
      }
    },
    "nixpkgs": {
      "locked": {
        "lastModified": 1776548001,
        "narHash": "sha256-ZSK0NL4a1BwVbbTBoSnWgbJy9HeZFXLYQizjb2DPF24=",
        "owner": "NixOS",
        "repo": "nixpkgs",
        "rev": "b12141ef619e0a9c1c84dc8c684040326f27cdcc",
        "type": "github"
      },
      "original": {
        "owner": "NixOS",
        "ref": "nixos-unstable",
        "repo": "nixpkgs",
        "type": "github"
      }
    },
    "root": {
      "inputs": {
        "autonity": "autonity",
        "blockscout": "blockscout",
        "blockscout-frontend": "blockscout-frontend",
        "flake-utils": "flake-utils",
        "nixpkgs": "nixpkgs"
      }
    },
    "systems": {
      "locked": {
        "lastModified": 1681028828,
        "narHash": "sha256-Vy1rq5AaRuLzOxct8nz4T6wlgyUR7zLU309k9mBC768=",
        "owner": "nix-systems",
        "repo": "default",
        "rev": "da67096a3b9bf56a91d16901293e51ba5b49a27e",
        "type": "github"
      },
      "original": {
        "owner": "nix-systems",
        "repo": "default",
        "type": "github"
      }
    }
  },
  "root": "root",
  "version": 7
}
